// !$*UTF8*$!
{
	archiveVersion = 1;
	classes = {
	};
	objectVersion = 50;
	objects = {

/* Begin PBXBuildFile section */
		861017CF25E654FC00ABDE6A /* AppDelegate.swift in Sources */ = {isa = PBXBuildFile; fileRef = 861017CE25E654FC00ABDE6A /* AppDelegate.swift */; };
		861017D125E654FC00ABDE6A /* SceneDelegate.swift in Sources */ = {isa = PBXBuildFile; fileRef = 861017D025E654FC00ABDE6A /* SceneDelegate.swift */; };
		861017D325E654FC00ABDE6A /* ViewController.swift in Sources */ = {isa = PBXBuildFile; fileRef = 861017D225E654FC00ABDE6A /* ViewController.swift */; };
		861017D625E654FC00ABDE6A /* Main.storyboard in Resources */ = {isa = PBXBuildFile; fileRef = 861017D425E654FC00ABDE6A /* Main.storyboard */; };
		861017D925E654FC00ABDE6A /* AnyTimeWalk.xcdatamodeld in Sources */ = {isa = PBXBuildFile; fileRef = 861017D725E654FC00ABDE6A /* AnyTimeWalk.xcdatamodeld */; };
		861017DB25E654FF00ABDE6A /* Assets.xcassets in Resources */ = {isa = PBXBuildFile; fileRef = 861017DA25E654FF00ABDE6A /* Assets.xcassets */; };
		861017DE25E654FF00ABDE6A /* LaunchScreen.storyboard in Resources */ = {isa = PBXBuildFile; fileRef = 861017DC25E654FF00ABDE6A /* LaunchScreen.storyboard */; };
/* End PBXBuildFile section */

/* Begin PBXFileReference section */
		861017CB25E654FC00ABDE6A /* AnyTimeWalk.app */ = {isa = PBXFileReference; explicitFileType = wrapper.application; includeInIndex = 0; path = AnyTimeWalk.app; sourceTree = BUILT_PRODUCTS_DIR; };
		861017CE25E654FC00ABDE6A /* AppDelegate.swift */ = {isa = PBXFileReference; lastKnownFileType = sourcecode.swift; path = AppDelegate.swift; sourceTree = "<group>"; };
		861017D025E654FC00ABDE6A /* SceneDelegate.swift */ = {isa = PBXFileReference; lastKnownFileType = sourcecode.swift; path = SceneDelegate.swift; sourceTree = "<group>"; };
		861017D225E654FC00ABDE6A /* ViewController.swift */ = {isa = PBXFileReference; lastKnownFileType = sourcecode.swift; path = ViewController.swift; sourceTree = "<group>"; };
		861017D525E654FC00ABDE6A /* Base */ = {isa = PBXFileReference; lastKnownFileType = file.storyboard; name = Base; path = Base.lproj/Main.storyboard; sourceTree = "<group>"; };
		861017D825E654FC00ABDE6A /* AnyTimeWalk.xcdatamodel */ = {isa = PBXFileReference; lastKnownFileType = wrapper.xcdatamodel; path = AnyTimeWalk.xcdatamodel; sourceTree = "<group>"; };
		861017DA25E654FF00ABDE6A /* Assets.xcassets */ = {isa = PBXFileReference; lastKnownFileType = folder.assetcatalog; path = Assets.xcassets; sourceTree = "<group>"; };
		861017DD25E654FF00ABDE6A /* Base */ = {isa = PBXFileReference; lastKnownFileType = file.storyboard; name = Base; path = Base.lproj/LaunchScreen.storyboard; sourceTree = "<group>"; };
		861017DF25E654FF00ABDE6A /* Info.plist */ = {isa = PBXFileReference; lastKnownFileType = text.plist.xml; path = Info.plist; sourceTree = "<group>"; };
/* End PBXFileReference section */

/* Begin PBXFrameworksBuildPhase section */
		861017C825E654FC00ABDE6A /* Frameworks */ = {
			isa = PBXFrameworksBuildPhase;
			buildActionMask = 2147483647;
			files = (
			);
			runOnlyForDeploymentPostprocessing = 0;
		};
/* End PBXFrameworksBuildPhase section */

/* Begin PBXGroup section */
		861017C225E654FC00ABDE6A = {
			isa = PBXGroup;
			children = (
				861017CD25E654FC00ABDE6A /* AnyTimeWalk */,
				861017CC25E654FC00ABDE6A /* Products */,
			);
			sourceTree = "<group>";
		};
		861017CC25E654FC00ABDE6A /* Products */ = {
			isa = PBXGroup;
			children = (
				861017CB25E654FC00ABDE6A /* AnyTimeWalk.app */,
			);
			name = Products;
			sourceTree = "<group>";
		};
		861017CD25E654FC00ABDE6A /* AnyTimeWalk */ = {
			isa = PBXGroup;
			children = (
				861017CE25E654FC00ABDE6A /* AppDelegate.swift */,
				861017D025E654FC00ABDE6A /* SceneDelegate.swift */,
				861017D225E654FC00ABDE6A /* ViewController.swift */,
				861017D425E654FC00ABDE6A /* Main.storyboard */,
				861017DA25E654FF00ABDE6A /* Assets.xcassets */,
				861017DC25E654FF00ABDE6A /* LaunchScreen.storyboard */,
				861017DF25E654FF00ABDE6A /* Info.plist */,
				861017D725E654FC00ABDE6A /* AnyTimeWalk.xcdatamodeld */,
			);
			path = AnyTimeWalk;
			sourceTree = "<group>";
		};
/* End PBXGroup section */

/* Begin PBXNativeTarget section */
		861017CA25E654FC00ABDE6A /* AnyTimeWalk */ = {
			isa = PBXNativeTarget;
			buildConfigurationList = 861017E225E654FF00ABDE6A /* Build configuration list for PBXNativeTarget "AnyTimeWalk" */;
			buildPhases = (
				861017C725E654FC00ABDE6A /* Sources */,
				861017C825E654FC00ABDE6A /* Frameworks */,
				861017C925E654FC00ABDE6A /* Resources */,
			);
			buildRules = (
			);
			dependencies = (
			);
			name = AnyTimeWalk;
			productName = AnyTimeWalk;
			productReference = 861017CB25E654FC00ABDE6A /* AnyTimeWalk.app */;
			productType = "com.apple.product-type.application";
		};
/* End PBXNativeTarget section */

/* Begin PBXProject section */
		861017C325E654FC00ABDE6A /* Project object */ = {
			isa = PBXProject;
			attributes = {
				LastSwiftUpdateCheck = 1240;
				LastUpgradeCheck = 1240;
				TargetAttributes = {
					861017CA25E654FC00ABDE6A = {
						CreatedOnToolsVersion = 12.4;
					};
				};
			};
			buildConfigurationList = 861017C625E654FC00ABDE6A /* Build configuration list for PBXProject "AnyTimeWalk" */;
			compatibilityVersion = "Xcode 9.3";
			developmentRegion = en;
			hasScannedForEncodings = 0;
			knownRegions = (
				en,
				Base,
			);
			mainGroup = 861017C225E654FC00ABDE6A;
			productRefGroup = 861017CC25E654FC00ABDE6A /* Products */;
			projectDirPath = "";
			projectRoot = "";
			targets = (
				861017CA25E654FC00ABDE6A /* AnyTimeWalk */,
			);
		};
/* End PBXProject section */

/* Begin PBXResourcesBuildPhase section */
		861017C925E654FC00ABDE6A /* Resources */ = {
			isa = PBXResourcesBuildPhase;
			buildActionMask = 2147483647;
			files = (
				861017DE25E654FF00ABDE6A /* LaunchScreen.storyboard in Resources */,
				861017DB25E654FF00ABDE6A /* Assets.xcassets in Resources */,
				861017D625E654FC00ABDE6A /* Main.storyboard in Resources */,
			);
			runOnlyForDeploymentPostprocessing = 0;
		};
/* End PBXResourcesBuildPhase section */

/* Begin PBXSourcesBuildPhase section */
		861017C725E654FC00ABDE6A /* Sources */ = {
			isa = PBXSourcesBuildPhase;
			buildActionMask = 2147483647;
			files = (
				861017D325E654FC00ABDE6A /* ViewController.swift in Sources */,
				861017CF25E654FC00ABDE6A /* AppDelegate.swift in Sources */,
				861017D925E654FC00ABDE6A /* AnyTimeWalk.xcdatamodeld in Sources */,
				861017D125E654FC00ABDE6A /* SceneDelegate.swift in Sources */,
			);
			runOnlyForDeploymentPostprocessing = 0;
		};
/* End PBXSourcesBuildPhase section */

/* Begin PBXVariantGroup section */
		861017D425E654FC00ABDE6A /* Main.storyboard */ = {
			isa = PBXVariantGroup;
			children = (
				861017D525E654FC00ABDE6A /* Base */,
			);
			name = Main.storyboard;
			sourceTree = "<group>";
		};
		861017DC25E654FF00ABDE6A /* LaunchScreen.storyboard */ = {
			isa = PBXVariantGroup;
			children = (
				861017DD25E654FF00ABDE6A /* Base */,
			);
			name = LaunchScreen.storyboard;
			sourceTree = "<group>";
		};
/* End PBXVariantGroup section */

/* Begin XCBuildConfiguration section */
		861017E025E654FF00ABDE6A /* Debug */ = {
			isa = XCBuildConfiguration;
			buildSettings = {
				ALWAYS_SEARCH_USER_PATHS = NO;
				CLANG_ANALYZER_NONNULL = YES;
				CLANG_ANALYZER_NUMBER_OBJECT_CONVERSION = YES_AGGRESSIVE;
				CLANG_CXX_LANGUAGE_STANDARD = "gnu++14";
				CLANG_CXX_LIBRARY = "libc++";
				CLANG_ENABLE_MODULES = YES;
				CLANG_ENABLE_OBJC_ARC = YES;
				CLANG_ENABLE_OBJC_WEAK = YES;
				CLANG_WARN_BLOCK_CAPTURE_AUTORELEASING = YES;
				CLANG_WARN_BOOL_CONVERSION = YES;
				CLANG_WARN_COMMA = YES;
				CLANG_WARN_CONSTANT_CONVERSION = YES;
				CLANG_WARN_DEPRECATED_OBJC_IMPLEMENTATIONS = YES;
				CLANG_WARN_DIRECT_OBJC_ISA_USAGE = YES_ERROR;
				CLANG_WARN_DOCUMENTATION_COMMENTS = YES;
				CLANG_WARN_EMPTY_BODY = YES;
				CLANG_WARN_ENUM_CONVERSION = YES;
				CLANG_WARN_INFINITE_RECURSION = YES;
				CLANG_WARN_INT_CONVERSION = YES;
				CLANG_WARN_NON_LITERAL_NULL_CONVERSION = YES;
				CLANG_WARN_OBJC_IMPLICIT_RETAIN_SELF = YES;
				CLANG_WARN_OBJC_LITERAL_CONVERSION = YES;
				CLANG_WARN_OBJC_ROOT_CLASS = YES_ERROR;
				CLANG_WARN_QUOTED_INCLUDE_IN_FRAMEWORK_HEADER = YES;
				CLANG_WARN_RANGE_LOOP_ANALYSIS = YES;
				CLANG_WARN_STRICT_PROTOTYPES = YES;
				CLANG_WARN_SUSPICIOUS_MOVE = YES;
				CLANG_WARN_UNGUARDED_AVAILABILITY = YES_AGGRESSIVE;
				CLANG_WARN_UNREACHABLE_CODE = YES;
				CLANG_WARN__DUPLICATE_METHOD_MATCH = YES;
				COPY_PHASE_STRIP = NO;
				DEBUG_INFORMATION_FORMAT = dwarf;
				ENABLE_STRICT_OBJC_MSGSEND = YES;
				ENABLE_TESTABILITY = YES;
				GCC_C_LANGUAGE_STANDARD = gnu11;
				GCC_DYNAMIC_NO_PIC = NO;
				GCC_NO_COMMON_BLOCKS = YES;
				GCC_OPTIMIZATION_LEVEL = 0;
				GCC_PREPROCESSOR_DEFINITIONS = (
					"DEBUG=1",
					"$(inherited)",
				);
				GCC_WARN_64_TO_32_BIT_CONVERSION = YES;
				GCC_WARN_ABOUT_RETURN_TYPE = YES_ERROR;
				GCC_WARN_UNDECLARED_SELECTOR = YES;
				GCC_WARN_UNINITIALIZED_AUTOS = YES_AGGRESSIVE;
				GCC_WARN_UNUSED_FUNCTION = YES;
				GCC_WARN_UNUSED_VARIABLE = YES;
				IPHONEOS_DEPLOYMENT_TARGET = 14.4;
				MTL_ENABLE_DEBUG_INFO = INCLUDE_SOURCE;
				MTL_FAST_MATH = YES;
				ONLY_ACTIVE_ARCH = YES;
				SDKROOT = iphoneos;
				SWIFT_ACTIVE_COMPILATION_CONDITIONS = DEBUG;
				SWIFT_OPTIMIZATION_LEVEL = "-Onone";
			};
			name = Debug;
		};
		861017E125E654FF00ABDE6A /* Release */ = {
			isa = XCBuildConfiguration;
			buildSettings = {
				ALWAYS_SEARCH_USER_PATHS = NO;
				CLANG_ANALYZER_NONNULL = YES;
				CLANG_ANALYZER_NUMBER_OBJECT_CONVERSION = YES_AGGRESSIVE;
				CLANG_CXX_LANGUAGE_STANDARD = "gnu++14";
				CLANG_CXX_LIBRARY = "libc++";
				CLANG_ENABLE_MODULES = YES;
				CLANG_ENABLE_OBJC_ARC = YES;
				CLANG_ENABLE_OBJC_WEAK = YES;
				CLANG_WARN_BLOCK_CAPTURE_AUTORELEASING = YES;
				CLANG_WARN_BOOL_CONVERSION = YES;
				CLANG_WARN_COMMA = YES;
				CLANG_WARN_CONSTANT_CONVERSION = YES;
				CLANG_WARN_DEPRECATED_OBJC_IMPLEMENTATIONS = YES;
				CLANG_WARN_DIRECT_OBJC_ISA_USAGE = YES_ERROR;
				CLANG_WARN_DOCUMENTATION_COMMENTS = YES;
				CLANG_WARN_EMPTY_BODY = YES;
				CLANG_WARN_ENUM_CONVERSION = YES;
				CLANG_WARN_INFINITE_RECURSION = YES;
				CLANG_WARN_INT_CONVERSION = YES;
				CLANG_WARN_NON_LITERAL_NULL_CONVERSION = YES;
				CLANG_WARN_OBJC_IMPLICIT_RETAIN_SELF = YES;
				CLANG_WARN_OBJC_LITERAL_CONVERSION = YES;
				CLANG_WARN_OBJC_ROOT_CLASS = YES_ERROR;
				CLANG_WARN_QUOTED_INCLUDE_IN_FRAMEWORK_HEADER = YES;
				CLANG_WARN_RANGE_LOOP_ANALYSIS = YES;
				CLANG_WARN_STRICT_PROTOTYPES = YES;
				CLANG_WARN_SUSPICIOUS_MOVE = YES;
				CLANG_WARN_UNGUARDED_AVAILABILITY = YES_AGGRESSIVE;
				CLANG_WARN_UNREACHABLE_CODE = YES;
				CLANG_WARN__DUPLICATE_METHOD_MATCH = YES;
				COPY_PHASE_STRIP = NO;
				DEBUG_INFORMATION_FORMAT = "dwarf-with-dsym";
				ENABLE_NS_ASSERTIONS = NO;
				ENABLE_STRICT_OBJC_MSGSEND = YES;
				GCC_C_LANGUAGE_STANDARD = gnu11;
				GCC_NO_COMMON_BLOCKS = YES;
				GCC_WARN_64_TO_32_BIT_CONVERSION = YES;
				GCC_WARN_ABOUT_RETURN_TYPE = YES_ERROR;
				GCC_WARN_UNDECLARED_SELECTOR = YES;
				GCC_WARN_UNINITIALIZED_AUTOS = YES_AGGRESSIVE;
				GCC_WARN_UNUSED_FUNCTION = YES;
				GCC_WARN_UNUSED_VARIABLE = YES;
				IPHONEOS_DEPLOYMENT_TARGET = 14.4;
				MTL_ENABLE_DEBUG_INFO = NO;
				MTL_FAST_MATH = YES;
				SDKROOT = iphoneos;
				SWIFT_COMPILATION_MODE = wholemodule;
				SWIFT_OPTIMIZATION_LEVEL = "-O";
				VALIDATE_PRODUCT = YES;
			};
			name = Release;
		};
		861017E325E654FF00ABDE6A /* Debug */ = {
			isa = XCBuildConfiguration;
			buildSettings = {
				ASSETCATALOG_COMPILER_APPICON_NAME = AppIcon;
				ASSETCATALOG_COMPILER_GLOBAL_ACCENT_COLOR_NAME = AccentColor;
				CODE_SIGN_STYLE = Automatic;
				DEVELOPMENT_TEAM = XWJ7CTJ99D;
				INFOPLIST_FILE = AnyTimeWalk/Info.plist;
				LD_RUNPATH_SEARCH_PATHS = (
					"$(inherited)",
					"@executable_path/Frameworks",
				);
				PRODUCT_BUNDLE_IDENTIFIER = "com.nis-ios.AnyTimeWalk";
				PRODUCT_NAME = "$(TARGET_NAME)";
				SWIFT_VERSION = 5.0;
				TARGETED_DEVICE_FAMILY = "1,2";
			};
			name = Debug;
		};
		861017E425E654FF00ABDE6A /* Release */ = {
			isa = XCBuildConfiguration;
			buildSettings = {
				ASSETCATALOG_COMPILER_APPICON_NAME = AppIcon;
				ASSETCATALOG_COMPILER_GLOBAL_ACCENT_COLOR_NAME = AccentColor;
				CODE_SIGN_STYLE = Automatic;
				DEVELOPMENT_TEAM = XWJ7CTJ99D;
				INFOPLIST_FILE = AnyTimeWalk/Info.plist;
				LD_RUNPATH_SEARCH_PATHS = (
					"$(inherited)",
					"@executable_path/Frameworks",
				);
				PRODUCT_BUNDLE_IDENTIFIER = "com.nis-ios.AnyTimeWalk";
				PRODUCT_NAME = "$(TARGET_NAME)";
				SWIFT_VERSION = 5.0;
				TARGETED_DEVICE_FAMILY = "1,2";
			};
			name = Release;
		};
/* End XCBuildConfiguration section */

/* Begin XCConfigurationList section */
		861017C625E654FC00ABDE6A /* Build configuration list for PBXProject "AnyTimeWalk" */ = {
			isa = XCConfigurationList;
			buildConfigurations = (
				861017E025E654FF00ABDE6A /* Debug */,
				861017E125E654FF00ABDE6A /* Release */,
			);
			defaultConfigurationIsVisible = 0;
			defaultConfigurationName = Release;
		};
		861017E225E654FF00ABDE6A /* Build configuration list for PBXNativeTarget "AnyTimeWalk" */ = {
			isa = XCConfigurationList;
			buildConfigurations = (
				861017E325E654FF00ABDE6A /* Debug */,
				861017E425E654FF00ABDE6A /* Release */,
			);
			defaultConfigurationIsVisible = 0;
			defaultConfigurationName = Release;
		};
/* End XCConfigurationList section */

/* Begin XCVersionGroup section */
		861017D725E654FC00ABDE6A /* AnyTimeWalk.xcdatamodeld */ = {
			isa = XCVersionGroup;
			children = (
				861017D825E654FC00ABDE6A /* AnyTimeWalk.xcdatamodel */,
			);
			currentVersion = 861017D825E654FC00ABDE6A /* AnyTimeWalk.xcdatamodel */;
			path = AnyTimeWalk.xcdatamodeld;
			sourceTree = "<group>";
			versionGroupType = wrapper.xcdatamodel;
		};
/* End XCVersionGroup section */
	};
	rootObject = 861017C325E654FC00ABDE6A /* Project object */;
}
