// !$*UTF8*$!
{
	archiveVersion = 1;
	classes = {
	};
	objectVersion = 51;
	objects = {

/* Begin PBXBuildFile section */
		1760633D260E3EF100EF30FD /* InfoViewController.swift in Sources */ = {isa = PBXBuildFile; fileRef = 1760633C260E3EF100EF30FD /* InfoViewController.swift */; };
		17CEED02260BE720007FC409 /* WalkViewCell.swift in Sources */ = {isa = PBXBuildFile; fileRef = 17CEED01260BE720007FC409 /* WalkViewCell.swift */; };
		17CEED05260BE72A007FC409 /* Walk.swift in Sources */ = {isa = PBXBuildFile; fileRef = 17CEED04260BE72A007FC409 /* Walk.swift */; };
		17CEED08260BE82A007FC409 /* MostViewedViewController.swift in Sources */ = {isa = PBXBuildFile; fileRef = 17CEED07260BE82A007FC409 /* MostViewedViewController.swift */; };
		17CEED0C260BE8E7007FC409 /* Media.xcassets in Resources */ = {isa = PBXBuildFile; fileRef = 17CEED0B260BE8E7007FC409 /* Media.xcassets */; };
		3A1D191770B424F2B7158B0B /* Pods_AnyTimeWalk.framework in Frameworks */ = {isa = PBXBuildFile; fileRef = 59087694926FB29318E083F5 /* Pods_AnyTimeWalk.framework */; };
		861017CF25E654FC00ABDE6A /* AppDelegate.swift in Sources */ = {isa = PBXBuildFile; fileRef = 861017CE25E654FC00ABDE6A /* AppDelegate.swift */; };
		861017D125E654FC00ABDE6A /* SceneDelegate.swift in Sources */ = {isa = PBXBuildFile; fileRef = 861017D025E654FC00ABDE6A /* SceneDelegate.swift */; };
		861017D325E654FC00ABDE6A /* ViewController.swift in Sources */ = {isa = PBXBuildFile; fileRef = 861017D225E654FC00ABDE6A /* ViewController.swift */; };
		861017D625E654FC00ABDE6A /* Main.storyboard in Resources */ = {isa = PBXBuildFile; fileRef = 861017D425E654FC00ABDE6A /* Main.storyboard */; };
		861017D925E654FC00ABDE6A /* AnyTimeWalk.xcdatamodeld in Sources */ = {isa = PBXBuildFile; fileRef = 861017D725E654FC00ABDE6A /* AnyTimeWalk.xcdatamodeld */; };
		861017DB25E654FF00ABDE6A /* Assets.xcassets in Resources */ = {isa = PBXBuildFile; fileRef = 861017DA25E654FF00ABDE6A /* Assets.xcassets */; };
		861017DE25E654FF00ABDE6A /* LaunchScreen.storyboard in Resources */ = {isa = PBXBuildFile; fileRef = 861017DC25E654FF00ABDE6A /* LaunchScreen.storyboard */; };
/* End PBXBuildFile section */

/* Begin PBXFileReference section */
		1760633C260E3EF100EF30FD /* InfoViewController.swift */ = {isa = PBXFileReference; lastKnownFileType = sourcecode.swift; path = InfoViewController.swift; sourceTree = "<group>"; };
		17CEED01260BE720007FC409 /* WalkViewCell.swift */ = {isa = PBXFileReference; lastKnownFileType = sourcecode.swift; path = WalkViewCell.swift; sourceTree = "<group>"; };
		17CEED04260BE72A007FC409 /* Walk.swift */ = {isa = PBXFileReference; lastKnownFileType = sourcecode.swift; path = Walk.swift; sourceTree = "<group>"; };
		17CEED07260BE82A007FC409 /* MostViewedViewController.swift */ = {isa = PBXFileReference; lastKnownFileType = sourcecode.swift; path = MostViewedViewController.swift; sourceTree = "<group>"; };
		17CEED0B260BE8E7007FC409 /* Media.xcassets */ = {isa = PBXFileReference; lastKnownFileType = folder.assetcatalog; path = Media.xcassets; sourceTree = "<group>"; };
		2B1257231BC0C3E3232A9A80 /* Pods-AnyTimeWalk.debug.xcconfig */ = {isa = PBXFileReference; includeInIndex = 1; lastKnownFileType = text.xcconfig; name = "Pods-AnyTimeWalk.debug.xcconfig"; path = "Target Support Files/Pods-AnyTimeWalk/Pods-AnyTimeWalk.debug.xcconfig"; sourceTree = "<group>"; };
		32F6BFEF58B3CCDFF3027ECD /* Pods-AnyTimeWalk.release.xcconfig */ = {isa = PBXFileReference; includeInIndex = 1; lastKnownFileType = text.xcconfig; name = "Pods-AnyTimeWalk.release.xcconfig"; path = "Target Support Files/Pods-AnyTimeWalk/Pods-AnyTimeWalk.release.xcconfig"; sourceTree = "<group>"; };
		59087694926FB29318E083F5 /* Pods_AnyTimeWalk.framework */ = {isa = PBXFileReference; explicitFileType = wrapper.framework; includeInIndex = 0; path = Pods_AnyTimeWalk.framework; sourceTree = BUILT_PRODUCTS_DIR; };
		861017CB25E654FC00ABDE6A /* AnyTimeWalk.app */ = {isa = PBXFileReference; explicitFileType = wrapper.application; includeInIndex = 0; path = AnyTimeWalk.app; sourceTree = BUILT_PRODUCTS_DIR; };
		861017CE25E654FC00ABDE6A /* AppDelegate.swift */ = {isa = PBXFileReference; lastKnownFileType = sourcecode.swift; path = AppDelegate.swift; sourceTree = "<group>"; };
		861017D025E654FC00ABDE6A /* SceneDelegate.swift */ = {isa = PBXFileReference; lastKnownFileType = sourcecode.swift; path = SceneDelegate.swift; sourceTree = "<group>"; };
		861017D225E654FC00ABDE6A /* ViewController.swift */ = {isa = PBXFileReference; lastKnownFileType = sourcecode.swift; path = ViewController.swift; sourceTree = "<group>"; };
		861017D525E654FC00ABDE6A /* Base */ = {isa = PBXFileReference; lastKnownFileType = file.storyboard; name = Base; path = Base.lproj/Main.storyboard; sourceTree = "<group>"; };
		861017D825E654FC00ABDE6A /* AnyTimeWalk.xcdatamodel */ = {isa = PBXFileReference; lastKnownFileType = wrapper.xcdatamodel; path = AnyTimeWalk.xcdatamodel; sourceTree = "<group>"; };
		861017DA25E654FF00ABDE6A /* Assets.xcassets */ = {isa = PBXFileReference; lastKnownFileType = folder.assetcatalog; path = Assets.xcassets; sourceTree = "<group>"; };
		861017DD25E654FF00ABDE6A /* Base */ = {isa = PBXFileReference; lastKnownFileType = file.storyboard; name = Base; path = Base.lproj/LaunchScreen.storyboard; sourceTree = "<group>"; };
		861017DF25E654FF00ABDE6A /* Info.plist */ = {isa = PBXFileReference; lastKnownFileType = text.plist.xml; path = Info.plist; sourceTree = "<group>"; };
/* End PBXFileReference section */

/* Begin PBXFrameworksBuildPhase section */
		861017C825E654FC00ABDE6A /* Frameworks */ = {
			isa = PBXFrameworksBuildPhase;
			buildActionMask = 2147483647;
			files = (
				3A1D191770B424F2B7158B0B /* Pods_AnyTimeWalk.framework in Frameworks */,
			);
			runOnlyForDeploymentPostprocessing = 0;
		};
/* End PBXFrameworksBuildPhase section */

/* Begin PBXGroup section */
		34582F0A4250FE0640A4EF95 /* Frameworks */ = {
			isa = PBXGroup;
			children = (
				59087694926FB29318E083F5 /* Pods_AnyTimeWalk.framework */,
			);
			name = Frameworks;
			sourceTree = "<group>";
		};
		861017C225E654FC00ABDE6A = {
			isa = PBXGroup;
			children = (
				861017CD25E654FC00ABDE6A /* AnyTimeWalk */,
				861017CC25E654FC00ABDE6A /* Products */,
				B9278AF65FAA24B6585CA2CF /* Pods */,
				34582F0A4250FE0640A4EF95 /* Frameworks */,
			);
			sourceTree = "<group>";
		};
		861017CC25E654FC00ABDE6A /* Products */ = {
			isa = PBXGroup;
			children = (
				861017CB25E654FC00ABDE6A /* AnyTimeWalk.app */,
			);
			name = Products;
			sourceTree = "<group>";
		};
		861017CD25E654FC00ABDE6A /* AnyTimeWalk */ = {
			isa = PBXGroup;
			children = (
				861017CE25E654FC00ABDE6A /* AppDelegate.swift */,
				861017D025E654FC00ABDE6A /* SceneDelegate.swift */,
				861017D225E654FC00ABDE6A /* ViewController.swift */,
				861017D425E654FC00ABDE6A /* Main.storyboard */,
				861017DA25E654FF00ABDE6A /* Assets.xcassets */,
				861017DC25E654FF00ABDE6A /* LaunchScreen.storyboard */,
				861017DF25E654FF00ABDE6A /* Info.plist */,
				861017D725E654FC00ABDE6A /* AnyTimeWalk.xcdatamodeld */,
				17CEED01260BE720007FC409 /* WalkViewCell.swift */,
				17CEED04260BE72A007FC409 /* Walk.swift */,
				17CEED07260BE82A007FC409 /* MostViewedViewController.swift */,
				17CEED0B260BE8E7007FC409 /* Media.xcassets */,
				1760633C260E3EF100EF30FD /* InfoViewController.swift */,
			);
			path = AnyTimeWalk;
			sourceTree = "<group>";
		};
		B9278AF65FAA24B6585CA2CF /* Pods */ = {
			isa = PBXGroup;
			children = (
				2B1257231BC0C3E3232A9A80 /* Pods-AnyTimeWalk.debug.xcconfig */,
				32F6BFEF58B3CCDFF3027ECD /* Pods-AnyTimeWalk.release.xcconfig */,
			);
			path = Pods;
			sourceTree = "<group>";
		};
/* End PBXGroup section */

/* Begin PBXNativeTarget section */
		861017CA25E654FC00ABDE6A /* AnyTimeWalk */ = {
			isa = PBXNativeTarget;
			buildConfigurationList = 861017E225E654FF00ABDE6A /* Build configuration list for PBXNativeTarget "AnyTimeWalk" */;
			buildPhases = (
				7F78719FAC84141A89FD27E6 /* [CP] Check Pods Manifest.lock */,
				861017C725E654FC00ABDE6A /* Sources */,
				861017C825E654FC00ABDE6A /* Frameworks */,
				861017C925E654FC00ABDE6A /* Resources */,
				8C24C3BCECFCC5F26D139BB3 /* [CP] Copy Pods Resources */,
			);
			buildRules = (
			);
			dependencies = (
			);
			name = AnyTimeWalk;
			productName = AnyTimeWalk;
			productReference = 861017CB25E654FC00ABDE6A /* AnyTimeWalk.app */;
			productType = "com.apple.product-type.application";
		};
/* End PBXNativeTarget section */

/* Begin PBXProject section */
		861017C325E654FC00ABDE6A /* Project object */ = {
			isa = PBXProject;
			attributes = {
				LastSwiftUpdateCheck = 1240;
				LastUpgradeCheck = 1240;
				TargetAttributes = {
					861017CA25E654FC00ABDE6A = {
						CreatedOnToolsVersion = 12.4;
					};
				};
			};
			buildConfigurationList = 861017C625E654FC00ABDE6A /* Build configuration list for PBXProject "AnyTimeWalk" */;
			compatibilityVersion = "Xcode 9.3";
			developmentRegion = en;
			hasScannedForEncodings = 0;
			knownRegions = (
				en,
				Base,
			);
			mainGroup = 861017C225E654FC00ABDE6A;
			productRefGroup = 861017CC25E654FC00ABDE6A /* Products */;
			projectDirPath = "";
			projectRoot = "";
			targets = (
				861017CA25E654FC00ABDE6A /* AnyTimeWalk */,
			);
		};
/* End PBXProject section */

/* Begin PBXResourcesBuildPhase section */
		861017C925E654FC00ABDE6A /* Resources */ = {
			isa = PBXResourcesBuildPhase;
			buildActionMask = 2147483647;
			files = (
				861017DE25E654FF00ABDE6A /* LaunchScreen.storyboard in Resources */,
				861017DB25E654FF00ABDE6A /* Assets.xcassets in Resources */,
				17CEED0C260BE8E7007FC409 /* Media.xcassets in Resources */,
				861017D625E654FC00ABDE6A /* Main.storyboard in Resources */,
			);
			runOnlyForDeploymentPostprocessing = 0;
		};
/* End PBXResourcesBuildPhase section */

/* Begin PBXShellScriptBuildPhase section */
		7F78719FAC84141A89FD27E6 /* [CP] Check Pods Manifest.lock */ = {
			isa = PBXShellScriptBuildPhase;
			buildActionMask = 2147483647;
			files = (
			);
			inputFileListPaths = (
			);
			inputPaths = (
				"${PODS_PODFILE_DIR_PATH}/Podfile.lock",
				"${PODS_ROOT}/Manifest.lock",
			);
			name = "[CP] Check Pods Manifest.lock";
			outputFileListPaths = (
			);
			outputPaths = (
				"$(DERIVED_FILE_DIR)/Pods-AnyTimeWalk-checkManifestLockResult.txt",
			);
			runOnlyForDeploymentPostprocessing = 0;
			shellPath = /bin/sh;
			shellScript = "diff \"${PODS_PODFILE_DIR_PATH}/Podfile.lock\" \"${PODS_ROOT}/Manifest.lock\" > /dev/null\nif [ $? != 0 ] ; then\n    # print error to STDERR\n    echo \"error: The sandbox is not in sync with the Podfile.lock. Run 'pod install' or update your CocoaPods installation.\" >&2\n    exit 1\nfi\n# This output is used by Xcode 'outputs' to avoid re-running this script phase.\necho \"SUCCESS\" > \"${SCRIPT_OUTPUT_FILE_0}\"\n";
			showEnvVarsInLog = 0;
		};
		8C24C3BCECFCC5F26D139BB3 /* [CP] Copy Pods Resources */ = {
			isa = PBXShellScriptBuildPhase;
			buildActionMask = 2147483647;
			files = (
			);
			inputFileListPaths = (
				"${PODS_ROOT}/Target Support Files/Pods-AnyTimeWalk/Pods-AnyTimeWalk-resources-${CONFIGURATION}-input-files.xcfilelist",
			);
			name = "[CP] Copy Pods Resources";
			outputFileListPaths = (
				"${PODS_ROOT}/Target Support Files/Pods-AnyTimeWalk/Pods-AnyTimeWalk-resources-${CONFIGURATION}-output-files.xcfilelist",
			);
			runOnlyForDeploymentPostprocessing = 0;
			shellPath = /bin/sh;
			shellScript = "\"${PODS_ROOT}/Target Support Files/Pods-AnyTimeWalk/Pods-AnyTimeWalk-resources.sh\"\n";
			showEnvVarsInLog = 0;
		};
/* End PBXShellScriptBuildPhase section */

/* Begin PBXSourcesBuildPhase section */
		861017C725E654FC00ABDE6A /* Sources */ = {
			isa = PBXSourcesBuildPhase;
			buildActionMask = 2147483647;
			files = (
				861017D325E654FC00ABDE6A /* ViewController.swift in Sources */,
				861017CF25E654FC00ABDE6A /* AppDelegate.swift in Sources */,
				17CEED08260BE82A007FC409 /* MostViewedViewController.swift in Sources */,
				861017D925E654FC00ABDE6A /* AnyTimeWalk.xcdatamodeld in Sources */,
				861017D125E654FC00ABDE6A /* SceneDelegate.swift in Sources */,
				17CEED05260BE72A007FC409 /* Walk.swift in Sources */,
				1760633D260E3EF100EF30FD /* InfoViewController.swift in Sources */,
				17CEED02260BE720007FC409 /* WalkViewCell.swift in Sources */,
			);
			runOnlyForDeploymentPostprocessing = 0;
		};
/* End PBXSourcesBuildPhase section */

/* Begin PBXVariantGroup section */
		861017D425E654FC00ABDE6A /* Main.storyboard */ = {
			isa = PBXVariantGroup;
			children = (
				861017D525E654FC00ABDE6A /* Base */,
			);
			name = Main.storyboard;
			sourceTree = "<group>";
		};
		861017DC25E654FF00ABDE6A /* LaunchScreen.storyboard */ = {
			isa = PBXVariantGroup;
			children = (
				861017DD25E654FF00ABDE6A /* Base */,
			);
			name = LaunchScreen.storyboard;
			sourceTree = "<group>";
		};
/* End PBXVariantGroup section */

/* Begin XCBuildConfiguration section */
		861017E025E654FF00ABDE6A /* Debug */ = {
			isa = XCBuildConfiguration;
			buildSettings = {
				ALWAYS_SEARCH_USER_PATHS = NO;
				CLANG_ANALYZER_NONNULL = YES;
				CLANG_ANALYZER_NUMBER_OBJECT_CONVERSION = YES_AGGRESSIVE;
				CLANG_CXX_LANGUAGE_STANDARD = "gnu++14";
				CLANG_CXX_LIBRARY = "libc++";
				CLANG_ENABLE_MODULES = YES;
				CLANG_ENABLE_OBJC_ARC = YES;
				CLANG_ENABLE_OBJC_WEAK = YES;
				CLANG_WARN_BLOCK_CAPTURE_AUTORELEASING = YES;
				CLANG_WARN_BOOL_CONVERSION = YES;
				CLANG_WARN_COMMA = YES;
				CLANG_WARN_CONSTANT_CONVERSION = YES;
				CLANG_WARN_DEPRECATED_OBJC_IMPLEMENTATIONS = YES;
				CLANG_WARN_DIRECT_OBJC_ISA_USAGE = YES_ERROR;
				CLANG_WARN_DOCUMENTATION_COMMENTS = YES;
				CLANG_WARN_EMPTY_BODY = YES;
				CLANG_WARN_ENUM_CONVERSION = YES;
				CLANG_WARN_INFINITE_RECURSION = YES;
				CLANG_WARN_INT_CONVERSION = YES;
				CLANG_WARN_NON_LITERAL_NULL_CONVERSION = YES;
				CLANG_WARN_OBJC_IMPLICIT_RETAIN_SELF = YES;
				CLANG_WARN_OBJC_LITERAL_CONVERSION = YES;
				CLANG_WARN_OBJC_ROOT_CLASS = YES_ERROR;
				CLANG_WARN_QUOTED_INCLUDE_IN_FRAMEWORK_HEADER = YES;
				CLANG_WARN_RANGE_LOOP_ANALYSIS = YES;
				CLANG_WARN_STRICT_PROTOTYPES = YES;
				CLANG_WARN_SUSPICIOUS_MOVE = YES;
				CLANG_WARN_UNGUARDED_AVAILABILITY = YES_AGGRESSIVE;
				CLANG_WARN_UNREACHABLE_CODE = YES;
				CLANG_WARN__DUPLICATE_METHOD_MATCH = YES;
				COPY_PHASE_STRIP = NO;
				DEBUG_INFORMATION_FORMAT = dwarf;
				ENABLE_STRICT_OBJC_MSGSEND = YES;
				ENABLE_TESTABILITY = YES;
				GCC_C_LANGUAGE_STANDARD = gnu11;
				GCC_DYNAMIC_NO_PIC = NO;
				GCC_NO_COMMON_BLOCKS = YES;
				GCC_OPTIMIZATION_LEVEL = 0;
				GCC_PREPROCESSOR_DEFINITIONS = (
					"DEBUG=1",
					"$(inherited)",
				);
				GCC_WARN_64_TO_32_BIT_CONVERSION = YES;
				GCC_WARN_ABOUT_RETURN_TYPE = YES_ERROR;
				GCC_WARN_UNDECLARED_SELECTOR = YES;
				GCC_WARN_UNINITIALIZED_AUTOS = YES_AGGRESSIVE;
				GCC_WARN_UNUSED_FUNCTION = YES;
				GCC_WARN_UNUSED_VARIABLE = YES;
				IPHONEOS_DEPLOYMENT_TARGET = 14.4;
				MTL_ENABLE_DEBUG_INFO = INCLUDE_SOURCE;
				MTL_FAST_MATH = YES;
				ONLY_ACTIVE_ARCH = YES;
				SDKROOT = iphoneos;
				SWIFT_ACTIVE_COMPILATION_CONDITIONS = DEBUG;
				SWIFT_OPTIMIZATION_LEVEL = "-Onone";
			};
			name = Debug;
		};
		861017E125E654FF00ABDE6A /* Release */ = {
			isa = XCBuildConfiguration;
			buildSettings = {
				ALWAYS_SEARCH_USER_PATHS = NO;
				CLANG_ANALYZER_NONNULL = YES;
				CLANG_ANALYZER_NUMBER_OBJECT_CONVERSION = YES_AGGRESSIVE;
				CLANG_CXX_LANGUAGE_STANDARD = "gnu++14";
				CLANG_CXX_LIBRARY = "libc++";
				CLANG_ENABLE_MODULES = YES;
				CLANG_ENABLE_OBJC_ARC = YES;
				CLANG_ENABLE_OBJC_WEAK = YES;
				CLANG_WARN_BLOCK_CAPTURE_AUTORELEASING = YES;
				CLANG_WARN_BOOL_CONVERSION = YES;
				CLANG_WARN_COMMA = YES;
				CLANG_WARN_CONSTANT_CONVERSION = YES;
				CLANG_WARN_DEPRECATED_OBJC_IMPLEMENTATIONS = YES;
				CLANG_WARN_DIRECT_OBJC_ISA_USAGE = YES_ERROR;
				CLANG_WARN_DOCUMENTATION_COMMENTS = YES;
				CLANG_WARN_EMPTY_BODY = YES;
				CLANG_WARN_ENUM_CONVERSION = YES;
				CLANG_WARN_INFINITE_RECURSION = YES;
				CLANG_WARN_INT_CONVERSION = YES;
				CLANG_WARN_NON_LITERAL_NULL_CONVERSION = YES;
				CLANG_WARN_OBJC_IMPLICIT_RETAIN_SELF = YES;
				CLANG_WARN_OBJC_LITERAL_CONVERSION = YES;
				CLANG_WARN_OBJC_ROOT_CLASS = YES_ERROR;
				CLANG_WARN_QUOTED_INCLUDE_IN_FRAMEWORK_HEADER = YES;
				CLANG_WARN_RANGE_LOOP_ANALYSIS = YES;
				CLANG_WARN_STRICT_PROTOTYPES = YES;
				CLANG_WARN_SUSPICIOUS_MOVE = YES;
				CLANG_WARN_UNGUARDED_AVAILABILITY = YES_AGGRESSIVE;
				CLANG_WARN_UNREACHABLE_CODE = YES;
				CLANG_WARN__DUPLICATE_METHOD_MATCH = YES;
				COPY_PHASE_STRIP = NO;
				DEBUG_INFORMATION_FORMAT = "dwarf-with-dsym";
				ENABLE_NS_ASSERTIONS = NO;
				ENABLE_STRICT_OBJC_MSGSEND = YES;
				GCC_C_LANGUAGE_STANDARD = gnu11;
				GCC_NO_COMMON_BLOCKS = YES;
				GCC_WARN_64_TO_32_BIT_CONVERSION = YES;
				GCC_WARN_ABOUT_RETURN_TYPE = YES_ERROR;
				GCC_WARN_UNDECLARED_SELECTOR = YES;
				GCC_WARN_UNINITIALIZED_AUTOS = YES_AGGRESSIVE;
				GCC_WARN_UNUSED_FUNCTION = YES;
				GCC_WARN_UNUSED_VARIABLE = YES;
				IPHONEOS_DEPLOYMENT_TARGET = 14.4;
				MTL_ENABLE_DEBUG_INFO = NO;
				MTL_FAST_MATH = YES;
				SDKROOT = iphoneos;
				SWIFT_COMPILATION_MODE = wholemodule;
				SWIFT_OPTIMIZATION_LEVEL = "-O";
				VALIDATE_PRODUCT = YES;
			};
			name = Release;
		};
		861017E325E654FF00ABDE6A /* Debug */ = {
			isa = XCBuildConfiguration;
			baseConfigurationReference = 2B1257231BC0C3E3232A9A80 /* Pods-AnyTimeWalk.debug.xcconfig */;
			buildSettings = {
				ASSETCATALOG_COMPILER_APPICON_NAME = AppIcon;
				ASSETCATALOG_COMPILER_GLOBAL_ACCENT_COLOR_NAME = AccentColor;
				CODE_SIGN_STYLE = Automatic;
				DEVELOPMENT_TEAM = J3PCAKUBGU;
				INFOPLIST_FILE = AnyTimeWalk/Info.plist;
				LD_RUNPATH_SEARCH_PATHS = (
					"$(inherited)",
					"@executable_path/Frameworks",
				);
				PRODUCT_BUNDLE_IDENTIFIER = "com.nis-ios.AnyTimeWalk";
				PRODUCT_NAME = "$(TARGET_NAME)";
				SWIFT_VERSION = 5.0;
				TARGETED_DEVICE_FAMILY = "1,2";
			};
			name = Debug;
		};
		861017E425E654FF00ABDE6A /* Release */ = {
			isa = XCBuildConfiguration;
			baseConfigurationReference = 32F6BFEF58B3CCDFF3027ECD /* Pods-AnyTimeWalk.release.xcconfig */;
			buildSettings = {
				ASSETCATALOG_COMPILER_APPICON_NAME = AppIcon;
				ASSETCATALOG_COMPILER_GLOBAL_ACCENT_COLOR_NAME = AccentColor;
				CODE_SIGN_STYLE = Automatic;
				DEVELOPMENT_TEAM = J3PCAKUBGU;
				INFOPLIST_FILE = AnyTimeWalk/Info.plist;
				LD_RUNPATH_SEARCH_PATHS = (
					"$(inherited)",
					"@executable_path/Frameworks",
				);
				PRODUCT_BUNDLE_IDENTIFIER = "com.nis-ios.AnyTimeWalk";
				PRODUCT_NAME = "$(TARGET_NAME)";
				SWIFT_VERSION = 5.0;
				TARGETED_DEVICE_FAMILY = "1,2";
			};
			name = Release;
		};
/* End XCBuildConfiguration section */

/* Begin XCConfigurationList section */
		861017C625E654FC00ABDE6A /* Build configuration list for PBXProject "AnyTimeWalk" */ = {
			isa = XCConfigurationList;
			buildConfigurations = (
				861017E025E654FF00ABDE6A /* Debug */,
				861017E125E654FF00ABDE6A /* Release */,
			);
			defaultConfigurationIsVisible = 0;
			defaultConfigurationName = Release;
		};
		861017E225E654FF00ABDE6A /* Build configuration list for PBXNativeTarget "AnyTimeWalk" */ = {
			isa = XCConfigurationList;
			buildConfigurations = (
				861017E325E654FF00ABDE6A /* Debug */,
				861017E425E654FF00ABDE6A /* Release */,
			);
			defaultConfigurationIsVisible = 0;
			defaultConfigurationName = Release;
		};
/* End XCConfigurationList section */

/* Begin XCVersionGroup section */
		861017D725E654FC00ABDE6A /* AnyTimeWalk.xcdatamodeld */ = {
			isa = XCVersionGroup;
			children = (
				861017D825E654FC00ABDE6A /* AnyTimeWalk.xcdatamodel */,
			);
			currentVersion = 861017D825E654FC00ABDE6A /* AnyTimeWalk.xcdatamodel */;
			path = AnyTimeWalk.xcdatamodeld;
			sourceTree = "<group>";
			versionGroupType = wrapper.xcdatamodel;
		};
/* End XCVersionGroup section */
	};
	rootObject = 861017C325E654FC00ABDE6A /* Project object */;
}
